// !$*UTF8*$!
{
	archiveVersion = 1;
	classes = {
	};
	objectVersion = 50;
	objects = {

/* Begin PBXBuildFile section */
		37708FD7213D7F31008DDEC3 /* AppDelegate.swift in Sources */ = {isa = PBXBuildFile; fileRef = 37708FD6213D7F31008DDEC3 /* AppDelegate.swift */; };
		37708FD9213D7F31008DDEC3 /* ViewController.swift in Sources */ = {isa = PBXBuildFile; fileRef = 37708FD8213D7F31008DDEC3 /* ViewController.swift */; };
		37708FDC213D7F31008DDEC3 /* Main.storyboard in Resources */ = {isa = PBXBuildFile; fileRef = 37708FDA213D7F31008DDEC3 /* Main.storyboard */; };
		37708FDE213D7F33008DDEC3 /* Assets.xcassets in Resources */ = {isa = PBXBuildFile; fileRef = 37708FDD213D7F33008DDEC3 /* Assets.xcassets */; };
		37708FE1213D7F33008DDEC3 /* LaunchScreen.storyboard in Resources */ = {isa = PBXBuildFile; fileRef = 37708FDF213D7F33008DDEC3 /* LaunchScreen.storyboard */; };
		37708FEB213D9C50008DDEC3 /* GoogleService-Info.plist in Resources */ = {isa = PBXBuildFile; fileRef = 37708FEA213D9C50008DDEC3 /* GoogleService-Info.plist */; };
		DD9358BBF1B4F7D109935359 /* Pods_TestFCM.framework in Frameworks */ = {isa = PBXBuildFile; fileRef = 3DDDB5ED7373A8F7C0C547E3 /* Pods_TestFCM.framework */; };
/* End PBXBuildFile section */

/* Begin PBXFileReference section */
		37708FD3213D7F31008DDEC3 /* TestFCM.app */ = {isa = PBXFileReference; explicitFileType = wrapper.application; includeInIndex = 0; path = TestFCM.app; sourceTree = BUILT_PRODUCTS_DIR; };
		37708FD6213D7F31008DDEC3 /* AppDelegate.swift */ = {isa = PBXFileReference; lastKnownFileType = sourcecode.swift; path = AppDelegate.swift; sourceTree = "<group>"; };
		37708FD8213D7F31008DDEC3 /* ViewController.swift */ = {isa = PBXFileReference; lastKnownFileType = sourcecode.swift; path = ViewController.swift; sourceTree = "<group>"; };
		37708FDB213D7F31008DDEC3 /* Base */ = {isa = PBXFileReference; lastKnownFileType = file.storyboard; name = Base; path = Base.lproj/Main.storyboard; sourceTree = "<group>"; };
		37708FDD213D7F33008DDEC3 /* Assets.xcassets */ = {isa = PBXFileReference; lastKnownFileType = folder.assetcatalog; path = Assets.xcassets; sourceTree = "<group>"; };
		37708FE0213D7F33008DDEC3 /* Base */ = {isa = PBXFileReference; lastKnownFileType = file.storyboard; name = Base; path = Base.lproj/LaunchScreen.storyboard; sourceTree = "<group>"; };
		37708FE2213D7F33008DDEC3 /* Info.plist */ = {isa = PBXFileReference; lastKnownFileType = text.plist.xml; path = Info.plist; sourceTree = "<group>"; };
		37708FEA213D9C50008DDEC3 /* GoogleService-Info.plist */ = {isa = PBXFileReference; fileEncoding = 4; lastKnownFileType = text.plist.xml; path = "GoogleService-Info.plist"; sourceTree = "<group>"; };
		37708FEC213DA00E008DDEC3 /* TestFCM.entitlements */ = {isa = PBXFileReference; lastKnownFileType = text.plist.entitlements; path = TestFCM.entitlements; sourceTree = "<group>"; };
		3DDDB5ED7373A8F7C0C547E3 /* Pods_TestFCM.framework */ = {isa = PBXFileReference; explicitFileType = wrapper.framework; includeInIndex = 0; path = Pods_TestFCM.framework; sourceTree = BUILT_PRODUCTS_DIR; };
		E640C97F3F9AFB854B7CC8C5 /* Pods-TestFCM.release.xcconfig */ = {isa = PBXFileReference; includeInIndex = 1; lastKnownFileType = text.xcconfig; name = "Pods-TestFCM.release.xcconfig"; path = "Pods/Target Support Files/Pods-TestFCM/Pods-TestFCM.release.xcconfig"; sourceTree = "<group>"; };
		FF696AEC2A5489973BFD4EBD /* Pods-TestFCM.debug.xcconfig */ = {isa = PBXFileReference; includeInIndex = 1; lastKnownFileType = text.xcconfig; name = "Pods-TestFCM.debug.xcconfig"; path = "Pods/Target Support Files/Pods-TestFCM/Pods-TestFCM.debug.xcconfig"; sourceTree = "<group>"; };
/* End PBXFileReference section */

/* Begin PBXFrameworksBuildPhase section */
		37708FD0213D7F31008DDEC3 /* Frameworks */ = {
			isa = PBXFrameworksBuildPhase;
			buildActionMask = 2147483647;
			files = (
				DD9358BBF1B4F7D109935359 /* Pods_TestFCM.framework in Frameworks */,
			);
			runOnlyForDeploymentPostprocessing = 0;
		};
/* End PBXFrameworksBuildPhase section */

/* Begin PBXGroup section */
		10144541641D237F76719F1A /* Frameworks */ = {
			isa = PBXGroup;
			children = (
				3DDDB5ED7373A8F7C0C547E3 /* Pods_TestFCM.framework */,
			);
			name = Frameworks;
			sourceTree = "<group>";
		};
		37708FCA213D7F31008DDEC3 = {
			isa = PBXGroup;
			children = (
				37708FEA213D9C50008DDEC3 /* GoogleService-Info.plist */,
				37708FD5213D7F31008DDEC3 /* TestFCM */,
				37708FD4213D7F31008DDEC3 /* Products */,
				83364A0561CB84032316B1D0 /* Pods */,
				10144541641D237F76719F1A /* Frameworks */,
			);
			sourceTree = "<group>";
		};
		37708FD4213D7F31008DDEC3 /* Products */ = {
			isa = PBXGroup;
			children = (
				37708FD3213D7F31008DDEC3 /* TestFCM.app */,
			);
			name = Products;
			sourceTree = "<group>";
		};
		37708FD5213D7F31008DDEC3 /* TestFCM */ = {
			isa = PBXGroup;
			children = (
				37708FEC213DA00E008DDEC3 /* TestFCM.entitlements */,
				37708FD6213D7F31008DDEC3 /* AppDelegate.swift */,
				37708FD8213D7F31008DDEC3 /* ViewController.swift */,
				37708FDA213D7F31008DDEC3 /* Main.storyboard */,
				37708FDD213D7F33008DDEC3 /* Assets.xcassets */,
				37708FDF213D7F33008DDEC3 /* LaunchScreen.storyboard */,
				37708FE2213D7F33008DDEC3 /* Info.plist */,
			);
			path = TestFCM;
			sourceTree = "<group>";
		};
		83364A0561CB84032316B1D0 /* Pods */ = {
			isa = PBXGroup;
			children = (
				FF696AEC2A5489973BFD4EBD /* Pods-TestFCM.debug.xcconfig */,
				E640C97F3F9AFB854B7CC8C5 /* Pods-TestFCM.release.xcconfig */,
			);
			name = Pods;
			sourceTree = "<group>";
		};
/* End PBXGroup section */

/* Begin PBXNativeTarget section */
		37708FD2213D7F31008DDEC3 /* TestFCM */ = {
			isa = PBXNativeTarget;
			buildConfigurationList = 37708FE5213D7F33008DDEC3 /* Build configuration list for PBXNativeTarget "TestFCM" */;
			buildPhases = (
				094741A37CFB1B51B7EFC799 /* [CP] Check Pods Manifest.lock */,
				37708FCF213D7F31008DDEC3 /* Sources */,
				37708FD0213D7F31008DDEC3 /* Frameworks */,
				37708FD1213D7F31008DDEC3 /* Resources */,
				28D57D4AA4DDAF4DD3FBC7FD /* [CP] Embed Pods Frameworks */,
			);
			buildRules = (
			);
			dependencies = (
			);
			name = TestFCM;
			productName = TestFCM;
			productReference = 37708FD3213D7F31008DDEC3 /* TestFCM.app */;
			productType = "com.apple.product-type.application";
		};
/* End PBXNativeTarget section */

/* Begin PBXProject section */
		37708FCB213D7F31008DDEC3 /* Project object */ = {
			isa = PBXProject;
			attributes = {
				LastSwiftUpdateCheck = 0940;
				LastUpgradeCheck = 0940;
				ORGANIZATIONNAME = thongpak;
				TargetAttributes = {
					37708FD2213D7F31008DDEC3 = {
						CreatedOnToolsVersion = 9.4.1;
						SystemCapabilities = {
							com.apple.Push = {
								enabled = 1;
							};
						};
					};
				};
			};
			buildConfigurationList = 37708FCE213D7F31008DDEC3 /* Build configuration list for PBXProject "TestFCM" */;
			compatibilityVersion = "Xcode 9.3";
			developmentRegion = en;
			hasScannedForEncodings = 0;
			knownRegions = (
				en,
				Base,
			);
			mainGroup = 37708FCA213D7F31008DDEC3;
			productRefGroup = 37708FD4213D7F31008DDEC3 /* Products */;
			projectDirPath = "";
			projectRoot = "";
			targets = (
				37708FD2213D7F31008DDEC3 /* TestFCM */,
			);
		};
/* End PBXProject section */

/* Begin PBXResourcesBuildPhase section */
		37708FD1213D7F31008DDEC3 /* Resources */ = {
			isa = PBXResourcesBuildPhase;
			buildActionMask = 2147483647;
			files = (
				37708FE1213D7F33008DDEC3 /* LaunchScreen.storyboard in Resources */,
				37708FEB213D9C50008DDEC3 /* GoogleService-Info.plist in Resources */,
				37708FDE213D7F33008DDEC3 /* Assets.xcassets in Resources */,
				37708FDC213D7F31008DDEC3 /* Main.storyboard in Resources */,
			);
			runOnlyForDeploymentPostprocessing = 0;
		};
/* End PBXResourcesBuildPhase section */

/* Begin PBXShellScriptBuildPhase section */
		094741A37CFB1B51B7EFC799 /* [CP] Check Pods Manifest.lock */ = {
			isa = PBXShellScriptBuildPhase;
			buildActionMask = 2147483647;
			files = (
			);
			inputPaths = (
				"${PODS_PODFILE_DIR_PATH}/Podfile.lock",
				"${PODS_ROOT}/Manifest.lock",
			);
			name = "[CP] Check Pods Manifest.lock";
			outputPaths = (
				"$(DERIVED_FILE_DIR)/Pods-TestFCM-checkManifestLockResult.txt",
			);
			runOnlyForDeploymentPostprocessing = 0;
			shellPath = /bin/sh;
			shellScript = "diff \"${PODS_PODFILE_DIR_PATH}/Podfile.lock\" \"${PODS_ROOT}/Manifest.lock\" > /dev/null\nif [ $? != 0 ] ; then\n    # print error to STDERR\n    echo \"error: The sandbox is not in sync with the Podfile.lock. Run 'pod install' or update your CocoaPods installation.\" >&2\n    exit 1\nfi\n# This output is used by Xcode 'outputs' to avoid re-running this script phase.\necho \"SUCCESS\" > \"${SCRIPT_OUTPUT_FILE_0}\"\n";
			showEnvVarsInLog = 0;
		};
		28D57D4AA4DDAF4DD3FBC7FD /* [CP] Embed Pods Frameworks */ = {
			isa = PBXShellScriptBuildPhase;
			buildActionMask = 2147483647;
			files = (
			);
			inputPaths = (
				"${SRCROOT}/Pods/Target Support Files/Pods-TestFCM/Pods-TestFCM-frameworks.sh",
				"${BUILT_PRODUCTS_DIR}/GTMSessionFetcher/GTMSessionFetcher.framework",
				"${BUILT_PRODUCTS_DIR}/GoogleUtilities/GoogleUtilities.framework",
				"${BUILT_PRODUCTS_DIR}/Protobuf/Protobuf.framework",
				"${BUILT_PRODUCTS_DIR}/nanopb/nanopb.framework",
			);
			name = "[CP] Embed Pods Frameworks";
			outputPaths = (
				"${TARGET_BUILD_DIR}/${FRAMEWORKS_FOLDER_PATH}/GTMSessionFetcher.framework",
				"${TARGET_BUILD_DIR}/${FRAMEWORKS_FOLDER_PATH}/GoogleUtilities.framework",
				"${TARGET_BUILD_DIR}/${FRAMEWORKS_FOLDER_PATH}/Protobuf.framework",
				"${TARGET_BUILD_DIR}/${FRAMEWORKS_FOLDER_PATH}/nanopb.framework",
			);
			runOnlyForDeploymentPostprocessing = 0;
			shellPath = /bin/sh;
			shellScript = "\"${SRCROOT}/Pods/Target Support Files/Pods-TestFCM/Pods-TestFCM-frameworks.sh\"\n";
			showEnvVarsInLog = 0;
		};
/* End PBXShellScriptBuildPhase section */

/* Begin PBXSourcesBuildPhase section */
		37708FCF213D7F31008DDEC3 /* Sources */ = {
			isa = PBXSourcesBuildPhase;
			buildActionMask = 2147483647;
			files = (
				37708FD9213D7F31008DDEC3 /* ViewController.swift in Sources */,
				37708FD7213D7F31008DDEC3 /* AppDelegate.swift in Sources */,
			);
			runOnlyForDeploymentPostprocessing = 0;
		};
/* End PBXSourcesBuildPhase section */

/* Begin PBXVariantGroup section */
		37708FDA213D7F31008DDEC3 /* Main.storyboard */ = {
			isa = PBXVariantGroup;
			children = (
				37708FDB213D7F31008DDEC3 /* Base */,
			);
			name = Main.storyboard;
			sourceTree = "<group>";
		};
		37708FDF213D7F33008DDEC3 /* LaunchScreen.storyboard */ = {
			isa = PBXVariantGroup;
			children = (
				37708FE0213D7F33008DDEC3 /* Base */,
			);
			name = LaunchScreen.storyboard;
			sourceTree = "<group>";
		};
/* End PBXVariantGroup section */

/* Begin XCBuildConfiguration section */
		37708FE3213D7F33008DDEC3 /* Debug */ = {
			isa = XCBuildConfiguration;
			buildSettings = {
				ALWAYS_SEARCH_USER_PATHS = NO;
				CLANG_ANALYZER_NONNULL = YES;
				CLANG_ANALYZER_NUMBER_OBJECT_CONVERSION = YES_AGGRESSIVE;
				CLANG_CXX_LANGUAGE_STANDARD = "gnu++14";
				CLANG_CXX_LIBRARY = "libc++";
				CLANG_ENABLE_MODULES = YES;
				CLANG_ENABLE_OBJC_ARC = YES;
				CLANG_ENABLE_OBJC_WEAK = YES;
				CLANG_WARN_BLOCK_CAPTURE_AUTORELEASING = YES;
				CLANG_WARN_BOOL_CONVERSION = YES;
				CLANG_WARN_COMMA = YES;
				CLANG_WARN_CONSTANT_CONVERSION = YES;
				CLANG_WARN_DEPRECATED_OBJC_IMPLEMENTATIONS = YES;
				CLANG_WARN_DIRECT_OBJC_ISA_USAGE = YES_ERROR;
				CLANG_WARN_DOCUMENTATION_COMMENTS = YES;
				CLANG_WARN_EMPTY_BODY = YES;
				CLANG_WARN_ENUM_CONVERSION = YES;
				CLANG_WARN_INFINITE_RECURSION = YES;
				CLANG_WARN_INT_CONVERSION = YES;
				CLANG_WARN_NON_LITERAL_NULL_CONVERSION = YES;
				CLANG_WARN_OBJC_IMPLICIT_RETAIN_SELF = YES;
				CLANG_WARN_OBJC_LITERAL_CONVERSION = YES;
				CLANG_WARN_OBJC_ROOT_CLASS = YES_ERROR;
				CLANG_WARN_RANGE_LOOP_ANALYSIS = YES;
				CLANG_WARN_STRICT_PROTOTYPES = YES;
				CLANG_WARN_SUSPICIOUS_MOVE = YES;
				CLANG_WARN_UNGUARDED_AVAILABILITY = YES_AGGRESSIVE;
				CLANG_WARN_UNREACHABLE_CODE = YES;
				CLANG_WARN__DUPLICATE_METHOD_MATCH = YES;
				CODE_SIGN_IDENTITY = "iPhone Developer";
				COPY_PHASE_STRIP = NO;
				DEBUG_INFORMATION_FORMAT = dwarf;
				ENABLE_STRICT_OBJC_MSGSEND = YES;
				ENABLE_TESTABILITY = YES;
				GCC_C_LANGUAGE_STANDARD = gnu11;
				GCC_DYNAMIC_NO_PIC = NO;
				GCC_NO_COMMON_BLOCKS = YES;
				GCC_OPTIMIZATION_LEVEL = 0;
				GCC_PREPROCESSOR_DEFINITIONS = (
					"DEBUG=1",
					"$(inherited)",
				);
				GCC_WARN_64_TO_32_BIT_CONVERSION = YES;
				GCC_WARN_ABOUT_RETURN_TYPE = YES_ERROR;
				GCC_WARN_UNDECLARED_SELECTOR = YES;
				GCC_WARN_UNINITIALIZED_AUTOS = YES_AGGRESSIVE;
				GCC_WARN_UNUSED_FUNCTION = YES;
				GCC_WARN_UNUSED_VARIABLE = YES;
				IPHONEOS_DEPLOYMENT_TARGET = 11.4;
				MTL_ENABLE_DEBUG_INFO = YES;
				ONLY_ACTIVE_ARCH = YES;
				SDKROOT = iphoneos;
				SWIFT_ACTIVE_COMPILATION_CONDITIONS = DEBUG;
				SWIFT_OPTIMIZATION_LEVEL = "-Onone";
			};
			name = Debug;
		};
		37708FE4213D7F33008DDEC3 /* Release */ = {
			isa = XCBuildConfiguration;
			buildSettings = {
				ALWAYS_SEARCH_USER_PATHS = NO;
				CLANG_ANALYZER_NONNULL = YES;
				CLANG_ANALYZER_NUMBER_OBJECT_CONVERSION = YES_AGGRESSIVE;
				CLANG_CXX_LANGUAGE_STANDARD = "gnu++14";
				CLANG_CXX_LIBRARY = "libc++";
				CLANG_ENABLE_MODULES = YES;
				CLANG_ENABLE_OBJC_ARC = YES;
				CLANG_ENABLE_OBJC_WEAK = YES;
				CLANG_WARN_BLOCK_CAPTURE_AUTORELEASING = YES;
				CLANG_WARN_BOOL_CONVERSION = YES;
				CLANG_WARN_COMMA = YES;
				CLANG_WARN_CONSTANT_CONVERSION = YES;
				CLANG_WARN_DEPRECATED_OBJC_IMPLEMENTATIONS = YES;
				CLANG_WARN_DIRECT_OBJC_ISA_USAGE = YES_ERROR;
				CLANG_WARN_DOCUMENTATION_COMMENTS = YES;
				CLANG_WARN_EMPTY_BODY = YES;
				CLANG_WARN_ENUM_CONVERSION = YES;
				CLANG_WARN_INFINITE_RECURSION = YES;
				CLANG_WARN_INT_CONVERSION = YES;
				CLANG_WARN_NON_LITERAL_NULL_CONVERSION = YES;
				CLANG_WARN_OBJC_IMPLICIT_RETAIN_SELF = YES;
				CLANG_WARN_OBJC_LITERAL_CONVERSION = YES;
				CLANG_WARN_OBJC_ROOT_CLASS = YES_ERROR;
				CLANG_WARN_RANGE_LOOP_ANALYSIS = YES;
				CLANG_WARN_STRICT_PROTOTYPES = YES;
				CLANG_WARN_SUSPICIOUS_MOVE = YES;
				CLANG_WARN_UNGUARDED_AVAILABILITY = YES_AGGRESSIVE;
				CLANG_WARN_UNREACHABLE_CODE = YES;
				CLANG_WARN__DUPLICATE_METHOD_MATCH = YES;
				CODE_SIGN_IDENTITY = "iPhone Developer";
				COPY_PHASE_STRIP = NO;
				DEBUG_INFORMATION_FORMAT = "dwarf-with-dsym";
				ENABLE_NS_ASSERTIONS = NO;
				ENABLE_STRICT_OBJC_MSGSEND = YES;
				GCC_C_LANGUAGE_STANDARD = gnu11;
				GCC_NO_COMMON_BLOCKS = YES;
				GCC_WARN_64_TO_32_BIT_CONVERSION = YES;
				GCC_WARN_ABOUT_RETURN_TYPE = YES_ERROR;
				GCC_WARN_UNDECLARED_SELECTOR = YES;
				GCC_WARN_UNINITIALIZED_AUTOS = YES_AGGRESSIVE;
				GCC_WARN_UNUSED_FUNCTION = YES;
				GCC_WARN_UNUSED_VARIABLE = YES;
				IPHONEOS_DEPLOYMENT_TARGET = 11.4;
				MTL_ENABLE_DEBUG_INFO = NO;
				SDKROOT = iphoneos;
				SWIFT_COMPILATION_MODE = wholemodule;
				SWIFT_OPTIMIZATION_LEVEL = "-O";
				VALIDATE_PRODUCT = YES;
			};
			name = Release;
		};
		37708FE6213D7F33008DDEC3 /* Debug */ = {
			isa = XCBuildConfiguration;
			baseConfigurationReference = FF696AEC2A5489973BFD4EBD /* Pods-TestFCM.debug.xcconfig */;
			buildSettings = {
				ASSETCATALOG_COMPILER_APPICON_NAME = AppIcon;
				CODE_SIGN_ENTITLEMENTS = TestFCM/TestFCM.entitlements;
				CODE_SIGN_STYLE = Automatic;
				DEVELOPMENT_TEAM = 8PPXZRVXVT;
				INFOPLIST_FILE = TestFCM/Info.plist;
				LD_RUNPATH_SEARCH_PATHS = (
					"$(inherited)",
					"@executable_path/Frameworks",
				);
				PRODUCT_BUNDLE_IDENTIFIER = com.nextzy.testFCM;
				PRODUCT_NAME = "$(TARGET_NAME)";
				SWIFT_VERSION = 4.0;
				TARGETED_DEVICE_FAMILY = "1,2";
			};
			name = Debug;
		};
		37708FE7213D7F33008DDEC3 /* Release */ = {
			isa = XCBuildConfiguration;
			baseConfigurationReference = E640C97F3F9AFB854B7CC8C5 /* Pods-TestFCM.release.xcconfig */;
			buildSettings = {
				ASSETCATALOG_COMPILER_APPICON_NAME = AppIcon;
				CODE_SIGN_ENTITLEMENTS = TestFCM/TestFCM.entitlements;
				CODE_SIGN_STYLE = Automatic;
				DEVELOPMENT_TEAM = 8PPXZRVXVT;
				INFOPLIST_FILE = TestFCM/Info.plist;
				LD_RUNPATH_SEARCH_PATHS = (
					"$(inherited)",
					"@executable_path/Frameworks",
				);
				PRODUCT_BUNDLE_IDENTIFIER = com.nextzy.testFCM;
				PRODUCT_NAME = "$(TARGET_NAME)";
				SWIFT_VERSION = 4.0;
				TARGETED_DEVICE_FAMILY = "1,2";
			};
			name = Release;
		};
/* End XCBuildConfiguration section */

/* Begin XCConfigurationList section */
		37708FCE213D7F31008DDEC3 /* Build configuration list for PBXProject "TestFCM" */ = {
			isa = XCConfigurationList;
			buildConfigurations = (
				37708FE3213D7F33008DDEC3 /* Debug */,
				37708FE4213D7F33008DDEC3 /* Release */,
			);
			defaultConfigurationIsVisible = 0;
			defaultConfigurationName = Release;
		};
		37708FE5213D7F33008DDEC3 /* Build configuration list for PBXNativeTarget "TestFCM" */ = {
			isa = XCConfigurationList;
			buildConfigurations = (
				37708FE6213D7F33008DDEC3 /* Debug */,
				37708FE7213D7F33008DDEC3 /* Release */,
			);
			defaultConfigurationIsVisible = 0;
			defaultConfigurationName = Release;
		};
/* End XCConfigurationList section */
	};
	rootObject = 37708FCB213D7F31008DDEC3 /* Project object */;
}
